
Microsoft Visual Studio Solution File, Format Version 12.00
# Visual Studio 15
VisualStudioVersion = 15.0.28307.271
MinimumVisualStudioVersion = 10.0.40219.1
Project("{2150E333-8FDC-42A3-9474-1A3956D46DE8}") = "src", "src", "{A5F6333F-A9FC-4695-962F-8769279BD581}"
EndProject
Project("{2150E333-8FDC-42A3-9474-1A3956D46DE8}") = "tests", "tests", "{5602AFC1-1E74-454C-B8EE-A151E103E272}"
EndProject
Project("{9A19103F-16F7-4668-BE54-9A1E7A4F7556}") = "DiskCommerce.Domain", "DiskCommerce.Model\DiskCommerce.Domain.csproj", "{C59EBC7C-1F9E-41B2-A45C-302FBB385BDE}"
EndProject
Project("{9A19103F-16F7-4668-BE54-9A1E7A4F7556}") = "DiskCommerce.Domain.Tests", "DiskCommerce.Domain.Tests\DiskCommerce.Domain.Tests.csproj", "{C61E8359-FEB9-482A-9E49-1CC9989A3ED6}"
EndProject
Project("{9A19103F-16F7-4668-BE54-9A1E7A4F7556}") = "DiskCommerce.Commom", "DiskCommerce.Commom\DiskCommerce.Commom.csproj", "{495CA395-2EF2-4BE6-BBD8-5CB8FDA1AD79}"
EndProject
Project("{9A19103F-16F7-4668-BE54-9A1E7A4F7556}") = "DiskCommerce.Service", "DiskCommerce.Service\DiskCommerce.Service.csproj", "{A2487E53-18C4-4C4A-888B-B6FB7342D115}"
EndProject
Project("{2150E333-8FDC-42A3-9474-1A3956D46DE8}") = "Service", "Service", "{A196B924-90C2-4743-B99D-9FA50907A4C7}"
EndProject
Project("{2150E333-8FDC-42A3-9474-1A3956D46DE8}") = "Domain", "Domain", "{E412EA63-E17F-49D0-89FE-3D1CCB6E5DC0}"
EndProject
Project("{2150E333-8FDC-42A3-9474-1A3956D46DE8}") = "Infrastructure", "Infrastructure", "{267CF404-5CBC-4F84-ABF8-260652005B36}"
EndProject
Project("{9A19103F-16F7-4668-BE54-9A1E7A4F7556}") = "DiskCommerce.Database", "DiskCommerce.Infrascructure.Database\DiskCommerce.Database.csproj", "{1BB0B886-2906-4F0B-BE30-BE378E61DF39}"
EndProject
Project("{2150E333-8FDC-42A3-9474-1A3956D46DE8}") = "Database", "Database", "{461ED385-9E54-49AB-98E6-23A36D33A3DC}"
EndProject
Project("{2150E333-8FDC-42A3-9474-1A3956D46DE8}") = "ExternalServices", "ExternalServices", "{399B99CA-818F-45A7-9602-D3006C9FA792}"
EndProject
Project("{9A19103F-16F7-4668-BE54-9A1E7A4F7556}") = "DiskCommerce.ExternalServices.Spotify", "DiskCommerce.Infrastructure.ExternalServices.Spotify\DiskCommerce.ExternalServices.Spotify.csproj", "{DCFFE368-CAAF-433C-85D0-1A35F949B51D}"
EndProject
Project("{2150E333-8FDC-42A3-9474-1A3956D46DE8}") = "Cross", "Cross", "{3F10F279-BBB0-41BB-B412-860FD5A7045A}"
EndProject
Project("{9A19103F-16F7-4668-BE54-9A1E7A4F7556}") = "DiskCommerce.Cross.IoC", "DiskCommerce.Cross.IoC\DiskCommerce.Cross.IoC.csproj", "{AB67731C-8A46-41BD-85F2-3104B8091FB3}"
EndProject
Project("{2150E333-8FDC-42A3-9474-1A3956D46DE8}") = "Solution Items", "Solution Items", "{923BA7A6-0AF3-4262-8301-9CBD19E1389D}"
	ProjectSection(SolutionItems) = preProject
		README.md = README.md
	EndProjectSection
EndProject
Global
	GlobalSection(SolutionConfigurationPlatforms) = preSolution
		Debug|Any CPU = Debug|Any CPU
		Release|Any CPU = Release|Any CPU
	EndGlobalSection
	GlobalSection(ProjectConfigurationPlatforms) = postSolution
		{C59EBC7C-1F9E-41B2-A45C-302FBB385BDE}.Debug|Any CPU.ActiveCfg = Debug|Any CPU
		{C59EBC7C-1F9E-41B2-A45C-302FBB385BDE}.Debug|Any CPU.Build.0 = Debug|Any CPU
		{C59EBC7C-1F9E-41B2-A45C-302FBB385BDE}.Release|Any CPU.ActiveCfg = Release|Any CPU
		{C59EBC7C-1F9E-41B2-A45C-302FBB385BDE}.Release|Any CPU.Build.0 = Release|Any CPU
		{C61E8359-FEB9-482A-9E49-1CC9989A3ED6}.Debug|Any CPU.ActiveCfg = Debug|Any CPU
		{C61E8359-FEB9-482A-9E49-1CC9989A3ED6}.Debug|Any CPU.Build.0 = Debug|Any CPU
		{C61E8359-FEB9-482A-9E49-1CC9989A3ED6}.Release|Any CPU.ActiveCfg = Release|Any CPU
		{C61E8359-FEB9-482A-9E49-1CC9989A3ED6}.Release|Any CPU.Build.0 = Release|Any CPU
		{495CA395-2EF2-4BE6-BBD8-5CB8FDA1AD79}.Debug|Any CPU.ActiveCfg = Debug|Any CPU
		{495CA395-2EF2-4BE6-BBD8-5CB8FDA1AD79}.Debug|Any CPU.Build.0 = Debug|Any CPU
		{495CA395-2EF2-4BE6-BBD8-5CB8FDA1AD79}.Release|Any CPU.ActiveCfg = Release|Any CPU
		{495CA395-2EF2-4BE6-BBD8-5CB8FDA1AD79}.Release|Any CPU.Build.0 = Release|Any CPU
		{A2487E53-18C4-4C4A-888B-B6FB7342D115}.Debug|Any CPU.ActiveCfg = Debug|Any CPU
		{A2487E53-18C4-4C4A-888B-B6FB7342D115}.Debug|Any CPU.Build.0 = Debug|Any CPU
		{A2487E53-18C4-4C4A-888B-B6FB7342D115}.Release|Any CPU.ActiveCfg = Release|Any CPU
		{A2487E53-18C4-4C4A-888B-B6FB7342D115}.Release|Any CPU.Build.0 = Release|Any CPU
		{1BB0B886-2906-4F0B-BE30-BE378E61DF39}.Debug|Any CPU.ActiveCfg = Debug|Any CPU
		{1BB0B886-2906-4F0B-BE30-BE378E61DF39}.Debug|Any CPU.Build.0 = Debug|Any CPU
		{1BB0B886-2906-4F0B-BE30-BE378E61DF39}.Release|Any CPU.ActiveCfg = Release|Any CPU
		{1BB0B886-2906-4F0B-BE30-BE378E61DF39}.Release|Any CPU.Build.0 = Release|Any CPU
		{DCFFE368-CAAF-433C-85D0-1A35F949B51D}.Debug|Any CPU.ActiveCfg = Debug|Any CPU
		{DCFFE368-CAAF-433C-85D0-1A35F949B51D}.Debug|Any CPU.Build.0 = Debug|Any CPU
		{DCFFE368-CAAF-433C-85D0-1A35F949B51D}.Release|Any CPU.ActiveCfg = Release|Any CPU
		{DCFFE368-CAAF-433C-85D0-1A35F949B51D}.Release|Any CPU.Build.0 = Release|Any CPU
		{AB67731C-8A46-41BD-85F2-3104B8091FB3}.Debug|Any CPU.ActiveCfg = Debug|Any CPU
		{AB67731C-8A46-41BD-85F2-3104B8091FB3}.Debug|Any CPU.Build.0 = Debug|Any CPU
		{AB67731C-8A46-41BD-85F2-3104B8091FB3}.Release|Any CPU.ActiveCfg = Release|Any CPU
		{AB67731C-8A46-41BD-85F2-3104B8091FB3}.Release|Any CPU.Build.0 = Release|Any CPU
	EndGlobalSection
	GlobalSection(SolutionProperties) = preSolution
		HideSolutionNode = FALSE
	EndGlobalSection
	GlobalSection(NestedProjects) = preSolution
		{C59EBC7C-1F9E-41B2-A45C-302FBB385BDE} = {E412EA63-E17F-49D0-89FE-3D1CCB6E5DC0}
		{C61E8359-FEB9-482A-9E49-1CC9989A3ED6} = {5602AFC1-1E74-454C-B8EE-A151E103E272}
		{495CA395-2EF2-4BE6-BBD8-5CB8FDA1AD79} = {E412EA63-E17F-49D0-89FE-3D1CCB6E5DC0}
		{A2487E53-18C4-4C4A-888B-B6FB7342D115} = {A196B924-90C2-4743-B99D-9FA50907A4C7}
		{A196B924-90C2-4743-B99D-9FA50907A4C7} = {A5F6333F-A9FC-4695-962F-8769279BD581}
		{E412EA63-E17F-49D0-89FE-3D1CCB6E5DC0} = {A5F6333F-A9FC-4695-962F-8769279BD581}
		{267CF404-5CBC-4F84-ABF8-260652005B36} = {A5F6333F-A9FC-4695-962F-8769279BD581}
		{1BB0B886-2906-4F0B-BE30-BE378E61DF39} = {461ED385-9E54-49AB-98E6-23A36D33A3DC}
		{461ED385-9E54-49AB-98E6-23A36D33A3DC} = {267CF404-5CBC-4F84-ABF8-260652005B36}
		{399B99CA-818F-45A7-9602-D3006C9FA792} = {267CF404-5CBC-4F84-ABF8-260652005B36}
		{DCFFE368-CAAF-433C-85D0-1A35F949B51D} = {399B99CA-818F-45A7-9602-D3006C9FA792}
		{3F10F279-BBB0-41BB-B412-860FD5A7045A} = {267CF404-5CBC-4F84-ABF8-260652005B36}
		{AB67731C-8A46-41BD-85F2-3104B8091FB3} = {3F10F279-BBB0-41BB-B412-860FD5A7045A}
	EndGlobalSection
	GlobalSection(ExtensibilityGlobals) = postSolution
		SolutionGuid = {5194607D-6B41-490D-9E15-5BD312ACB314}
	EndGlobalSection
EndGlobal
